// !$*UTF8*$!
{
	archiveVersion = 1;
	classes = {
	};
	objectVersion = 48;
	objects = {

/* Begin PBXBuildFile section */
		0F0DB627208D72FA00D538D5 /* XDUserImageView.swift in Sources */ = {isa = PBXBuildFile; fileRef = 0F0DB626208D72FA00D538D5 /* XDUserImageView.swift */; };
		0F0DB629208DCA4900D538D5 /* XDAttentionView.swift in Sources */ = {isa = PBXBuildFile; fileRef = 0F0DB628208DCA4900D538D5 /* XDAttentionView.swift */; };
		0F796E632081930200D044B6 /* AppDelegate.swift in Sources */ = {isa = PBXBuildFile; fileRef = 0F796E622081930200D044B6 /* AppDelegate.swift */; };
		0F796E6A2081930200D044B6 /* Assets.xcassets in Resources */ = {isa = PBXBuildFile; fileRef = 0F796E692081930200D044B6 /* Assets.xcassets */; };
		0F796EAC2081BD5000D044B6 /* test.swift in Sources */ = {isa = PBXBuildFile; fileRef = 0F796EAB2081BD5000D044B6 /* test.swift */; };
		0F894BB82091A4BA00866379 /* RecommendCommentTableView.swift in Sources */ = {isa = PBXBuildFile; fileRef = 0F894BB72091A4BA00866379 /* RecommendCommentTableView.swift */; };
		0F894BBA2091AA5700866379 /* RecommendCommentTableCell.swift in Sources */ = {isa = PBXBuildFile; fileRef = 0F894BB92091AA5700866379 /* RecommendCommentTableCell.swift */; };
		0F894BBC2091CA3B00866379 /* RecommendCellBottomBarView.swift in Sources */ = {isa = PBXBuildFile; fileRef = 0F894BBB2091CA3B00866379 /* RecommendCellBottomBarView.swift */; };
		0F93C1AA208F0964001F56D6 /* RecommendTopicCell.swift in Sources */ = {isa = PBXBuildFile; fileRef = 0F93C1A9208F0964001F56D6 /* RecommendTopicCell.swift */; };
		0F93C1AC208F37D5001F56D6 /* RecommendTopicView.swift in Sources */ = {isa = PBXBuildFile; fileRef = 0F93C1AB208F37D5001F56D6 /* RecommendTopicView.swift */; };
		0F93C1AE208F3918001F56D6 /* RecommendTopicModel.swift in Sources */ = {isa = PBXBuildFile; fileRef = 0F93C1AD208F3918001F56D6 /* RecommendTopicModel.swift */; };
		0F9ECB0520858E4D00BD8FB2 /* JoinActivityVC.swift in Sources */ = {isa = PBXBuildFile; fileRef = 0F9ECB0420858E4D00BD8FB2 /* JoinActivityVC.swift */; };
		0F9ECB072085B9B800BD8FB2 /* ConfigURLString.swift in Sources */ = {isa = PBXBuildFile; fileRef = 0F9ECB062085B9B800BD8FB2 /* ConfigURLString.swift */; };
		0F9ECB0E2085BB4E00BD8FB2 /* RegisterVM.swift in Sources */ = {isa = PBXBuildFile; fileRef = 0F9ECB0D2085BB4E00BD8FB2 /* RegisterVM.swift */; };
		0FAFE048208244C900C46944 /* RecommendVM.swift in Sources */ = {isa = PBXBuildFile; fileRef = 0FAFE047208244C900C46944 /* RecommendVM.swift */; };
		0FAFE04A2082454C00C46944 /* UrlHeadConfig.swift in Sources */ = {isa = PBXBuildFile; fileRef = 0FAFE0492082454C00C46944 /* UrlHeadConfig.swift */; };
		0FAFE04D20825F1900C46944 /* NetWork.swift in Sources */ = {isa = PBXBuildFile; fileRef = 0FAFE04C20825F1900C46944 /* NetWork.swift */; };
		0FAFE05020825F5400C46944 /* Utilities.m in Sources */ = {isa = PBXBuildFile; fileRef = 0FAFE04F20825F5400C46944 /* Utilities.m */; };
		0FB513D320842FBF005E649D /* VideoModelFrame.swift in Sources */ = {isa = PBXBuildFile; fileRef = 0FB513D220842FBF005E649D /* VideoModelFrame.swift */; };
		0FB513D5208466F9005E649D /* RecommentUserView.swift in Sources */ = {isa = PBXBuildFile; fileRef = 0FB513D4208466F9005E649D /* RecommentUserView.swift */; };
		0FB513D720846746005E649D /* RecommentVideoView.swift in Sources */ = {isa = PBXBuildFile; fileRef = 0FB513D620846746005E649D /* RecommentVideoView.swift */; };
		0FB513D920847893005E649D /* PriceView.swift in Sources */ = {isa = PBXBuildFile; fileRef = 0FB513D820847893005E649D /* PriceView.swift */; };
		0FB513DB208478C1005E649D /* CommissionView.swift in Sources */ = {isa = PBXBuildFile; fileRef = 0FB513DA208478C1005E649D /* CommissionView.swift */; };
		0FB513DD20847B34005E649D /* String+Extension.swift in Sources */ = {isa = PBXBuildFile; fileRef = 0FB513DC20847B34005E649D /* String+Extension.swift */; };
		0FB513DF20848102005E649D /* RecommendNormalOrProduct.swift in Sources */ = {isa = PBXBuildFile; fileRef = 0FB513DE20848102005E649D /* RecommendNormalOrProduct.swift */; };
		0FB513E120848516005E649D /* answerEntrance.gif in Resources */ = {isa = PBXBuildFile; fileRef = 0FB513E020848516005E649D /* answerEntrance.gif */; };
		0FBEDC56208494E500B1008D /* GifView.swift in Sources */ = {isa = PBXBuildFile; fileRef = 0FBEDC55208494E500B1008D /* GifView.swift */; };
		0FC41448209096FC00CA152A /* RecommendCommentModelFrame.swift in Sources */ = {isa = PBXBuildFile; fileRef = 0FC41447209096FC00CA152A /* RecommendCommentModelFrame.swift */; };
		0FCD6B7820831D8E006D46D8 /* User.swift in Sources */ = {isa = PBXBuildFile; fileRef = 0FCD6B7720831D8E006D46D8 /* User.swift */; };
		0FCD6B7A2083219E006D46D8 /* RecommendMainModel.swift in Sources */ = {isa = PBXBuildFile; fileRef = 0FCD6B792083219E006D46D8 /* RecommendMainModel.swift */; };
		0FCD6B7C20832CFC006D46D8 /* RecommendCycleView.swift in Sources */ = {isa = PBXBuildFile; fileRef = 0FCD6B7B20832CFC006D46D8 /* RecommendCycleView.swift */; };
		0FE5D8842081E67E000A784A /* MainTabBarController.swift in Sources */ = {isa = PBXBuildFile; fileRef = 0FE5D8832081E67E000A784A /* MainTabBarController.swift */; };
		0FE5D8882081E71F000A784A /* STTabbarButton.swift in Sources */ = {isa = PBXBuildFile; fileRef = 0FE5D8862081E71F000A784A /* STTabbarButton.swift */; };
		0FE5D8892081E71F000A784A /* STTabbar.swift in Sources */ = {isa = PBXBuildFile; fileRef = 0FE5D8872081E71F000A784A /* STTabbar.swift */; };
		0FE5D88B2081E802000A784A /* Common.swift in Sources */ = {isa = PBXBuildFile; fileRef = 0FE5D88A2081E802000A784A /* Common.swift */; };
		0FE5D88D2081E8B0000A784A /* RecommendMainVC.swift in Sources */ = {isa = PBXBuildFile; fileRef = 0FE5D88C2081E8B0000A784A /* RecommendMainVC.swift */; };
		0FE5D88F2081E90A000A784A /* GoodThingsMainVC.swift in Sources */ = {isa = PBXBuildFile; fileRef = 0FE5D88E2081E90A000A784A /* GoodThingsMainVC.swift */; };
		0FE5D8912081E92A000A784A /* FindMainVC.swift in Sources */ = {isa = PBXBuildFile; fileRef = 0FE5D8902081E92A000A784A /* FindMainVC.swift */; };
		0FE5D8932081E94A000A784A /* AttentionMainVC.swift in Sources */ = {isa = PBXBuildFile; fileRef = 0FE5D8922081E94A000A784A /* AttentionMainVC.swift */; };
		0FE5D8952081E968000A784A /* MeMainVC.swift in Sources */ = {isa = PBXBuildFile; fileRef = 0FE5D8942081E968000A784A /* MeMainVC.swift */; };
		0FE5D89D2081EEC1000A784A /* MainNavigationController.swift in Sources */ = {isa = PBXBuildFile; fileRef = 0FE5D89C2081EEC1000A784A /* MainNavigationController.swift */; };
		0FE5D8A0208233D2000A784A /* UIColor-Extension.swift in Sources */ = {isa = PBXBuildFile; fileRef = 0FE5D89F208233D2000A784A /* UIColor-Extension.swift */; };
		0FE5D8A22082349F000A784A /* RecommendCell.swift in Sources */ = {isa = PBXBuildFile; fileRef = 0FE5D8A12082349F000A784A /* RecommendCell.swift */; };
		A491D842BC3D7F38C9761AEA /* Pods_XDExerciseExample.framework in Frameworks */ = {isa = PBXBuildFile; fileRef = FEBE8F8CA2B66FFF42478478 /* Pods_XDExerciseExample.framework */; };
/* End PBXBuildFile section */

/* Begin PBXFileReference section */
		06D37FF4EEA728DF76AFAE34 /* Pods-XDExerciseExample.release.xcconfig */ = {isa = PBXFileReference; includeInIndex = 1; lastKnownFileType = text.xcconfig; name = "Pods-XDExerciseExample.release.xcconfig"; path = "Pods/Target Support Files/Pods-XDExerciseExample/Pods-XDExerciseExample.release.xcconfig"; sourceTree = "<group>"; };
		0F0DB626208D72FA00D538D5 /* XDUserImageView.swift */ = {isa = PBXFileReference; lastKnownFileType = sourcecode.swift; path = XDUserImageView.swift; sourceTree = "<group>"; };
		0F0DB628208DCA4900D538D5 /* XDAttentionView.swift */ = {isa = PBXFileReference; lastKnownFileType = sourcecode.swift; path = XDAttentionView.swift; sourceTree = "<group>"; };
		0F796E5F2081930200D044B6 /* XDExerciseExample.app */ = {isa = PBXFileReference; explicitFileType = wrapper.application; includeInIndex = 0; path = XDExerciseExample.app; sourceTree = BUILT_PRODUCTS_DIR; };
		0F796E622081930200D044B6 /* AppDelegate.swift */ = {isa = PBXFileReference; lastKnownFileType = sourcecode.swift; path = AppDelegate.swift; sourceTree = "<group>"; };
		0F796E692081930200D044B6 /* Assets.xcassets */ = {isa = PBXFileReference; lastKnownFileType = folder.assetcatalog; path = Assets.xcassets; sourceTree = "<group>"; };
		0F796E6E2081930200D044B6 /* Info.plist */ = {isa = PBXFileReference; lastKnownFileType = text.plist.xml; path = Info.plist; sourceTree = "<group>"; };
		0F796EAB2081BD5000D044B6 /* test.swift */ = {isa = PBXFileReference; lastKnownFileType = sourcecode.swift; path = test.swift; sourceTree = "<group>"; };
		0F894BB72091A4BA00866379 /* RecommendCommentTableView.swift */ = {isa = PBXFileReference; lastKnownFileType = sourcecode.swift; path = RecommendCommentTableView.swift; sourceTree = "<group>"; };
		0F894BB92091AA5700866379 /* RecommendCommentTableCell.swift */ = {isa = PBXFileReference; lastKnownFileType = sourcecode.swift; path = RecommendCommentTableCell.swift; sourceTree = "<group>"; };
		0F894BBB2091CA3B00866379 /* RecommendCellBottomBarView.swift */ = {isa = PBXFileReference; lastKnownFileType = sourcecode.swift; path = RecommendCellBottomBarView.swift; sourceTree = "<group>"; };
		0F93C1A9208F0964001F56D6 /* RecommendTopicCell.swift */ = {isa = PBXFileReference; lastKnownFileType = sourcecode.swift; path = RecommendTopicCell.swift; sourceTree = "<group>"; };
		0F93C1AB208F37D5001F56D6 /* RecommendTopicView.swift */ = {isa = PBXFileReference; lastKnownFileType = sourcecode.swift; path = RecommendTopicView.swift; sourceTree = "<group>"; };
		0F93C1AD208F3918001F56D6 /* RecommendTopicModel.swift */ = {isa = PBXFileReference; lastKnownFileType = sourcecode.swift; path = RecommendTopicModel.swift; sourceTree = "<group>"; };
		0F9ECB0420858E4D00BD8FB2 /* JoinActivityVC.swift */ = {isa = PBXFileReference; lastKnownFileType = sourcecode.swift; path = JoinActivityVC.swift; sourceTree = "<group>"; };
		0F9ECB062085B9B800BD8FB2 /* ConfigURLString.swift */ = {isa = PBXFileReference; lastKnownFileType = sourcecode.swift; path = ConfigURLString.swift; sourceTree = "<group>"; };
		0F9ECB0D2085BB4E00BD8FB2 /* RegisterVM.swift */ = {isa = PBXFileReference; lastKnownFileType = sourcecode.swift; path = RegisterVM.swift; sourceTree = "<group>"; };
		0FAFE047208244C900C46944 /* RecommendVM.swift */ = {isa = PBXFileReference; lastKnownFileType = sourcecode.swift; path = RecommendVM.swift; sourceTree = "<group>"; };
		0FAFE0492082454C00C46944 /* UrlHeadConfig.swift */ = {isa = PBXFileReference; lastKnownFileType = sourcecode.swift; path = UrlHeadConfig.swift; sourceTree = "<group>"; };
		0FAFE04C20825F1900C46944 /* NetWork.swift */ = {isa = PBXFileReference; fileEncoding = 4; lastKnownFileType = sourcecode.swift; path = NetWork.swift; sourceTree = "<group>"; };
		0FAFE04E20825F5400C46944 /* Utilities.h */ = {isa = PBXFileReference; lastKnownFileType = sourcecode.c.h; path = Utilities.h; sourceTree = "<group>"; };
		0FAFE04F20825F5400C46944 /* Utilities.m */ = {isa = PBXFileReference; lastKnownFileType = sourcecode.c.objc; path = Utilities.m; sourceTree = "<group>"; };
		0FB513D220842FBF005E649D /* VideoModelFrame.swift */ = {isa = PBXFileReference; lastKnownFileType = sourcecode.swift; path = VideoModelFrame.swift; sourceTree = "<group>"; };
		0FB513D4208466F9005E649D /* RecommentUserView.swift */ = {isa = PBXFileReference; lastKnownFileType = sourcecode.swift; path = RecommentUserView.swift; sourceTree = "<group>"; };
		0FB513D620846746005E649D /* RecommentVideoView.swift */ = {isa = PBXFileReference; lastKnownFileType = sourcecode.swift; path = RecommentVideoView.swift; sourceTree = "<group>"; };
		0FB513D820847893005E649D /* PriceView.swift */ = {isa = PBXFileReference; lastKnownFileType = sourcecode.swift; path = PriceView.swift; sourceTree = "<group>"; };
		0FB513DA208478C1005E649D /* CommissionView.swift */ = {isa = PBXFileReference; lastKnownFileType = sourcecode.swift; path = CommissionView.swift; sourceTree = "<group>"; };
		0FB513DC20847B34005E649D /* String+Extension.swift */ = {isa = PBXFileReference; fileEncoding = 4; lastKnownFileType = sourcecode.swift; path = "String+Extension.swift"; sourceTree = "<group>"; };
		0FB513DE20848102005E649D /* RecommendNormalOrProduct.swift */ = {isa = PBXFileReference; lastKnownFileType = sourcecode.swift; path = RecommendNormalOrProduct.swift; sourceTree = "<group>"; };
		0FB513E020848516005E649D /* answerEntrance.gif */ = {isa = PBXFileReference; lastKnownFileType = image.gif; path = answerEntrance.gif; sourceTree = "<group>"; };
		0FBEDC55208494E500B1008D /* GifView.swift */ = {isa = PBXFileReference; lastKnownFileType = sourcecode.swift; path = GifView.swift; sourceTree = "<group>"; };
		0FC41447209096FC00CA152A /* RecommendCommentModelFrame.swift */ = {isa = PBXFileReference; lastKnownFileType = sourcecode.swift; path = RecommendCommentModelFrame.swift; sourceTree = "<group>"; };
		0FCD6B7720831D8E006D46D8 /* User.swift */ = {isa = PBXFileReference; lastKnownFileType = sourcecode.swift; path = User.swift; sourceTree = "<group>"; };
		0FCD6B792083219E006D46D8 /* RecommendMainModel.swift */ = {isa = PBXFileReference; lastKnownFileType = sourcecode.swift; path = RecommendMainModel.swift; sourceTree = "<group>"; };
		0FCD6B7B20832CFC006D46D8 /* RecommendCycleView.swift */ = {isa = PBXFileReference; lastKnownFileType = sourcecode.swift; path = RecommendCycleView.swift; sourceTree = "<group>"; };
		0FE5D8832081E67E000A784A /* MainTabBarController.swift */ = {isa = PBXFileReference; lastKnownFileType = sourcecode.swift; path = MainTabBarController.swift; sourceTree = "<group>"; };
		0FE5D8862081E71F000A784A /* STTabbarButton.swift */ = {isa = PBXFileReference; fileEncoding = 4; lastKnownFileType = sourcecode.swift; path = STTabbarButton.swift; sourceTree = "<group>"; };
		0FE5D8872081E71F000A784A /* STTabbar.swift */ = {isa = PBXFileReference; fileEncoding = 4; lastKnownFileType = sourcecode.swift; path = STTabbar.swift; sourceTree = "<group>"; };
		0FE5D88A2081E802000A784A /* Common.swift */ = {isa = PBXFileReference; lastKnownFileType = sourcecode.swift; path = Common.swift; sourceTree = "<group>"; };
		0FE5D88C2081E8B0000A784A /* RecommendMainVC.swift */ = {isa = PBXFileReference; lastKnownFileType = sourcecode.swift; path = RecommendMainVC.swift; sourceTree = "<group>"; };
		0FE5D88E2081E90A000A784A /* GoodThingsMainVC.swift */ = {isa = PBXFileReference; lastKnownFileType = sourcecode.swift; path = GoodThingsMainVC.swift; sourceTree = "<group>"; };
		0FE5D8902081E92A000A784A /* FindMainVC.swift */ = {isa = PBXFileReference; lastKnownFileType = sourcecode.swift; path = FindMainVC.swift; sourceTree = "<group>"; };
		0FE5D8922081E94A000A784A /* AttentionMainVC.swift */ = {isa = PBXFileReference; lastKnownFileType = sourcecode.swift; path = AttentionMainVC.swift; sourceTree = "<group>"; };
		0FE5D8942081E968000A784A /* MeMainVC.swift */ = {isa = PBXFileReference; lastKnownFileType = sourcecode.swift; path = MeMainVC.swift; sourceTree = "<group>"; };
		0FE5D8982081EBD7000A784A /* XDExerciseExample-Bridging-Header.h */ = {isa = PBXFileReference; lastKnownFileType = sourcecode.c.h; path = "XDExerciseExample-Bridging-Header.h"; sourceTree = "<group>"; };
		0FE5D89C2081EEC1000A784A /* MainNavigationController.swift */ = {isa = PBXFileReference; fileEncoding = 4; lastKnownFileType = sourcecode.swift; path = MainNavigationController.swift; sourceTree = "<group>"; };
		0FE5D89F208233D2000A784A /* UIColor-Extension.swift */ = {isa = PBXFileReference; fileEncoding = 4; lastKnownFileType = sourcecode.swift; path = "UIColor-Extension.swift"; sourceTree = "<group>"; };
		0FE5D8A12082349F000A784A /* RecommendCell.swift */ = {isa = PBXFileReference; lastKnownFileType = sourcecode.swift; path = RecommendCell.swift; sourceTree = "<group>"; };
		84C47700DE81451441232E42 /* Pods-XDExerciseExample.debug.xcconfig */ = {isa = PBXFileReference; includeInIndex = 1; lastKnownFileType = text.xcconfig; name = "Pods-XDExerciseExample.debug.xcconfig"; path = "Pods/Target Support Files/Pods-XDExerciseExample/Pods-XDExerciseExample.debug.xcconfig"; sourceTree = "<group>"; };
		FEBE8F8CA2B66FFF42478478 /* Pods_XDExerciseExample.framework */ = {isa = PBXFileReference; explicitFileType = wrapper.framework; includeInIndex = 0; path = Pods_XDExerciseExample.framework; sourceTree = BUILT_PRODUCTS_DIR; };
/* End PBXFileReference section */

/* Begin PBXFrameworksBuildPhase section */
		0F796E5C2081930200D044B6 /* Frameworks */ = {
			isa = PBXFrameworksBuildPhase;
			buildActionMask = 2147483647;
			files = (
				A491D842BC3D7F38C9761AEA /* Pods_XDExerciseExample.framework in Frameworks */,
			);
			runOnlyForDeploymentPostprocessing = 0;
		};
/* End PBXFrameworksBuildPhase section */

/* Begin PBXGroup section */
		0F796E562081930200D044B6 = {
			isa = PBXGroup;
			children = (
				0F796E612081930200D044B6 /* XDExerciseExample */,
				0F796E602081930200D044B6 /* Products */,
				DB8305655A1B4E872A7A0DDE /* Pods */,
				73463CAC753A3AC7D975F1E1 /* Frameworks */,
			);
			sourceTree = "<group>";
		};
		0F796E602081930200D044B6 /* Products */ = {
			isa = PBXGroup;
			children = (
				0F796E5F2081930200D044B6 /* XDExerciseExample.app */,
			);
			name = Products;
			sourceTree = "<group>";
		};
		0F796E612081930200D044B6 /* XDExerciseExample */ = {
			isa = PBXGroup;
			children = (
				0F796E762081B1CF00D044B6 /* Class */,
				0F796E622081930200D044B6 /* AppDelegate.swift */,
				0F796E692081930200D044B6 /* Assets.xcassets */,
				0F796E6E2081930200D044B6 /* Info.plist */,
			);
			path = XDExerciseExample;
			sourceTree = "<group>";
		};
		0F796E762081B1CF00D044B6 /* Class */ = {
			isa = PBXGroup;
			children = (
				0F9ECB082085BB1300BD8FB2 /* Register */,
				0F9ECB0020858D5F00BD8FB2 /* H5 */,
				0F796E952081B1CF00D044B6 /* Main */,
				0F796E862081B1CF00D044B6 /* Advertising */,
				0F796E902081B1CF00D044B6 /* Rcommend */,
				0F796E7C2081B1CF00D044B6 /* GoodThings */,
				0F796E8B2081B1CF00D044B6 /* Find */,
				0F796E772081B1CF00D044B6 /* Attention */,
				0F796E812081B1CF00D044B6 /* Me */,
				0F796E9C2081B42F00D044B6 /* Other */,
				0F796E9A2081B1CF00D044B6 /* Tool */,
			);
			path = Class;
			sourceTree = "<group>";
		};
		0F796E772081B1CF00D044B6 /* Attention */ = {
			isa = PBXGroup;
			children = (
				0F796E782081B1CF00D044B6 /* ViewModel */,
				0F796E792081B1CF00D044B6 /* Controller */,
				0F796E7A2081B1CF00D044B6 /* Model */,
				0F796E7B2081B1CF00D044B6 /* View */,
			);
			path = Attention;
			sourceTree = "<group>";
		};
		0F796E782081B1CF00D044B6 /* ViewModel */ = {
			isa = PBXGroup;
			children = (
			);
			path = ViewModel;
			sourceTree = "<group>";
		};
		0F796E792081B1CF00D044B6 /* Controller */ = {
			isa = PBXGroup;
			children = (
				0F796EAB2081BD5000D044B6 /* test.swift */,
				0FE5D8922081E94A000A784A /* AttentionMainVC.swift */,
			);
			path = Controller;
			sourceTree = "<group>";
		};
		0F796E7A2081B1CF00D044B6 /* Model */ = {
			isa = PBXGroup;
			children = (
			);
			path = Model;
			sourceTree = "<group>";
		};
		0F796E7B2081B1CF00D044B6 /* View */ = {
			isa = PBXGroup;
			children = (
			);
			path = View;
			sourceTree = "<group>";
		};
		0F796E7C2081B1CF00D044B6 /* GoodThings */ = {
			isa = PBXGroup;
			children = (
				0F796E7D2081B1CF00D044B6 /* ViewModel */,
				0F796E7E2081B1CF00D044B6 /* Controller */,
				0F796E7F2081B1CF00D044B6 /* Model */,
				0F796E802081B1CF00D044B6 /* View */,
			);
			path = GoodThings;
			sourceTree = "<group>";
		};
		0F796E7D2081B1CF00D044B6 /* ViewModel */ = {
			isa = PBXGroup;
			children = (
			);
			path = ViewModel;
			sourceTree = "<group>";
		};
		0F796E7E2081B1CF00D044B6 /* Controller */ = {
			isa = PBXGroup;
			children = (
				0FE5D88E2081E90A000A784A /* GoodThingsMainVC.swift */,
			);
			path = Controller;
			sourceTree = "<group>";
		};
		0F796E7F2081B1CF00D044B6 /* Model */ = {
			isa = PBXGroup;
			children = (
			);
			path = Model;
			sourceTree = "<group>";
		};
		0F796E802081B1CF00D044B6 /* View */ = {
			isa = PBXGroup;
			children = (
			);
			path = View;
			sourceTree = "<group>";
		};
		0F796E812081B1CF00D044B6 /* Me */ = {
			isa = PBXGroup;
			children = (
				0F796E822081B1CF00D044B6 /* ViewModel */,
				0F796E832081B1CF00D044B6 /* Controller */,
				0F796E842081B1CF00D044B6 /* Model */,
				0F796E852081B1CF00D044B6 /* View */,
			);
			path = Me;
			sourceTree = "<group>";
		};
		0F796E822081B1CF00D044B6 /* ViewModel */ = {
			isa = PBXGroup;
			children = (
			);
			path = ViewModel;
			sourceTree = "<group>";
		};
		0F796E832081B1CF00D044B6 /* Controller */ = {
			isa = PBXGroup;
			children = (
				0FE5D8942081E968000A784A /* MeMainVC.swift */,
			);
			path = Controller;
			sourceTree = "<group>";
		};
		0F796E842081B1CF00D044B6 /* Model */ = {
			isa = PBXGroup;
			children = (
			);
			path = Model;
			sourceTree = "<group>";
		};
		0F796E852081B1CF00D044B6 /* View */ = {
			isa = PBXGroup;
			children = (
			);
			path = View;
			sourceTree = "<group>";
		};
		0F796E862081B1CF00D044B6 /* Advertising */ = {
			isa = PBXGroup;
			children = (
				0F796E872081B1CF00D044B6 /* ViewModel */,
				0F796E882081B1CF00D044B6 /* Controller */,
				0F796E892081B1CF00D044B6 /* Model */,
				0F796E8A2081B1CF00D044B6 /* View */,
			);
			path = Advertising;
			sourceTree = "<group>";
		};
		0F796E872081B1CF00D044B6 /* ViewModel */ = {
			isa = PBXGroup;
			children = (
			);
			path = ViewModel;
			sourceTree = "<group>";
		};
		0F796E882081B1CF00D044B6 /* Controller */ = {
			isa = PBXGroup;
			children = (
			);
			path = Controller;
			sourceTree = "<group>";
		};
		0F796E892081B1CF00D044B6 /* Model */ = {
			isa = PBXGroup;
			children = (
			);
			path = Model;
			sourceTree = "<group>";
		};
		0F796E8A2081B1CF00D044B6 /* View */ = {
			isa = PBXGroup;
			children = (
			);
			path = View;
			sourceTree = "<group>";
		};
		0F796E8B2081B1CF00D044B6 /* Find */ = {
			isa = PBXGroup;
			children = (
				0F796E8C2081B1CF00D044B6 /* ViewModel */,
				0F796E8D2081B1CF00D044B6 /* Controller */,
				0F796E8E2081B1CF00D044B6 /* Model */,
				0F796E8F2081B1CF00D044B6 /* View */,
			);
			path = Find;
			sourceTree = "<group>";
		};
		0F796E8C2081B1CF00D044B6 /* ViewModel */ = {
			isa = PBXGroup;
			children = (
			);
			path = ViewModel;
			sourceTree = "<group>";
		};
		0F796E8D2081B1CF00D044B6 /* Controller */ = {
			isa = PBXGroup;
			children = (
				0FE5D8902081E92A000A784A /* FindMainVC.swift */,
			);
			path = Controller;
			sourceTree = "<group>";
		};
		0F796E8E2081B1CF00D044B6 /* Model */ = {
			isa = PBXGroup;
			children = (
			);
			path = Model;
			sourceTree = "<group>";
		};
		0F796E8F2081B1CF00D044B6 /* View */ = {
			isa = PBXGroup;
			children = (
			);
			path = View;
			sourceTree = "<group>";
		};
		0F796E902081B1CF00D044B6 /* Rcommend */ = {
			isa = PBXGroup;
			children = (
				0F796E922081B1CF00D044B6 /* Controller */,
				0F796E912081B1CF00D044B6 /* ViewModel */,
				0F796E932081B1CF00D044B6 /* Model */,
				0F796E942081B1CF00D044B6 /* View */,
			);
			path = Rcommend;
			sourceTree = "<group>";
		};
		0F796E912081B1CF00D044B6 /* ViewModel */ = {
			isa = PBXGroup;
			children = (
				0FAFE047208244C900C46944 /* RecommendVM.swift */,
			);
			path = ViewModel;
			sourceTree = "<group>";
		};
		0F796E922081B1CF00D044B6 /* Controller */ = {
			isa = PBXGroup;
			children = (
				0FE5D88C2081E8B0000A784A /* RecommendMainVC.swift */,
			);
			path = Controller;
			sourceTree = "<group>";
		};
		0F796E932081B1CF00D044B6 /* Model */ = {
			isa = PBXGroup;
			children = (
				0FCD6B7720831D8E006D46D8 /* User.swift */,
				0F93C1AD208F3918001F56D6 /* RecommendTopicModel.swift */,
				0FCD6B792083219E006D46D8 /* RecommendMainModel.swift */,
				0FB513D220842FBF005E649D /* VideoModelFrame.swift */,
				0FC41447209096FC00CA152A /* RecommendCommentModelFrame.swift */,
			);
			path = Model;
			sourceTree = "<group>";
		};
		0F796E942081B1CF00D044B6 /* View */ = {
			isa = PBXGroup;
			children = (
				0FE5D8A12082349F000A784A /* RecommendCell.swift */,
				0FCD6B7B20832CFC006D46D8 /* RecommendCycleView.swift */,
				0FB513D4208466F9005E649D /* RecommentUserView.swift */,
				0FB513D620846746005E649D /* RecommentVideoView.swift */,
				0FB513DE20848102005E649D /* RecommendNormalOrProduct.swift */,
				0F93C1AB208F37D5001F56D6 /* RecommendTopicView.swift */,
				0F894BB72091A4BA00866379 /* RecommendCommentTableView.swift */,
				0F894BB92091AA5700866379 /* RecommendCommentTableCell.swift */,
				0F894BBB2091CA3B00866379 /* RecommendCellBottomBarView.swift */,
				0FB513D820847893005E649D /* PriceView.swift */,
				0FB513DA208478C1005E649D /* CommissionView.swift */,
				0F93C1A9208F0964001F56D6 /* RecommendTopicCell.swift */,
			);
			path = View;
			sourceTree = "<group>";
		};
		0F796E952081B1CF00D044B6 /* Main */ = {
			isa = PBXGroup;
			children = (
				0F796E962081B1CF00D044B6 /* ViewModel */,
				0F796E972081B1CF00D044B6 /* Controller */,
				0F796E982081B1CF00D044B6 /* Model */,
				0F796E992081B1CF00D044B6 /* View */,
			);
			path = Main;
			sourceTree = "<group>";
		};
		0F796E962081B1CF00D044B6 /* ViewModel */ = {
			isa = PBXGroup;
			children = (
			);
			path = ViewModel;
			sourceTree = "<group>";
		};
		0F796E972081B1CF00D044B6 /* Controller */ = {
			isa = PBXGroup;
			children = (
				0FE5D89C2081EEC1000A784A /* MainNavigationController.swift */,
				0FE5D8832081E67E000A784A /* MainTabBarController.swift */,
			);
			path = Controller;
			sourceTree = "<group>";
		};
		0F796E982081B1CF00D044B6 /* Model */ = {
			isa = PBXGroup;
			children = (
			);
			path = Model;
			sourceTree = "<group>";
		};
		0F796E992081B1CF00D044B6 /* View */ = {
			isa = PBXGroup;
			children = (
			);
			path = View;
			sourceTree = "<group>";
		};
		0F796E9A2081B1CF00D044B6 /* Tool */ = {
			isa = PBXGroup;
			children = (
				0FAFE04B20825EFA00C46944 /* NetWork */,
				0FE5D8852081E71F000A784A /* Category */,
				0FE5D88A2081E802000A784A /* Common.swift */,
				0F9ECB062085B9B800BD8FB2 /* ConfigURLString.swift */,
				0FAFE0492082454C00C46944 /* UrlHeadConfig.swift */,
				0FE5D8982081EBD7000A784A /* XDExerciseExample-Bridging-Header.h */,
				0FAFE04E20825F5400C46944 /* Utilities.h */,
				0FAFE04F20825F5400C46944 /* Utilities.m */,
				0FBEDC55208494E500B1008D /* GifView.swift */,
				0F0DB626208D72FA00D538D5 /* XDUserImageView.swift */,
				0F0DB628208DCA4900D538D5 /* XDAttentionView.swift */,
			);
			path = Tool;
			sourceTree = "<group>";
		};
		0F796E9C2081B42F00D044B6 /* Other */ = {
			isa = PBXGroup;
			children = (
				0FB513E020848516005E649D /* answerEntrance.gif */,
			);
			path = Other;
			sourceTree = "<group>";
		};
		0F9ECB0020858D5F00BD8FB2 /* H5 */ = {
			isa = PBXGroup;
			children = (
				0F9ECB0120858E0C00BD8FB2 /* Controller */,
				0F9ECB0320858E0C00BD8FB2 /* Model */,
				0F9ECB0220858E0C00BD8FB2 /* View */,
			);
			path = H5;
			sourceTree = "<group>";
		};
		0F9ECB0120858E0C00BD8FB2 /* Controller */ = {
			isa = PBXGroup;
			children = (
				0F9ECB0420858E4D00BD8FB2 /* JoinActivityVC.swift */,
			);
			path = Controller;
			sourceTree = "<group>";
		};
		0F9ECB0220858E0C00BD8FB2 /* View */ = {
			isa = PBXGroup;
			children = (
			);
			path = View;
			sourceTree = "<group>";
		};
		0F9ECB0320858E0C00BD8FB2 /* Model */ = {
			isa = PBXGroup;
			children = (
			);
			path = Model;
			sourceTree = "<group>";
		};
		0F9ECB082085BB1300BD8FB2 /* Register */ = {
			isa = PBXGroup;
			children = (
				0F9ECB092085BB1300BD8FB2 /* ViewModel */,
				0F9ECB0A2085BB1300BD8FB2 /* Controller */,
				0F9ECB0B2085BB1300BD8FB2 /* Model */,
				0F9ECB0C2085BB1300BD8FB2 /* View */,
			);
			path = Register;
			sourceTree = "<group>";
		};
		0F9ECB092085BB1300BD8FB2 /* ViewModel */ = {
			isa = PBXGroup;
			children = (
				0F9ECB0D2085BB4E00BD8FB2 /* RegisterVM.swift */,
			);
			path = ViewModel;
			sourceTree = "<group>";
		};
		0F9ECB0A2085BB1300BD8FB2 /* Controller */ = {
			isa = PBXGroup;
			children = (
			);
			path = Controller;
			sourceTree = "<group>";
		};
		0F9ECB0B2085BB1300BD8FB2 /* Model */ = {
			isa = PBXGroup;
			children = (
			);
			path = Model;
			sourceTree = "<group>";
		};
		0F9ECB0C2085BB1300BD8FB2 /* View */ = {
			isa = PBXGroup;
			children = (
			);
			path = View;
			sourceTree = "<group>";
		};
		0FAFE04B20825EFA00C46944 /* NetWork */ = {
			isa = PBXGroup;
			children = (
				0FAFE04C20825F1900C46944 /* NetWork.swift */,
			);
			path = NetWork;
			sourceTree = "<group>";
		};
		0FE5D8852081E71F000A784A /* Category */ = {
			isa = PBXGroup;
			children = (
				0FB513DC20847B34005E649D /* String+Extension.swift */,
				0FE5D89F208233D2000A784A /* UIColor-Extension.swift */,
				0FE5D8862081E71F000A784A /* STTabbarButton.swift */,
				0FE5D8872081E71F000A784A /* STTabbar.swift */,
			);
			path = Category;
			sourceTree = "<group>";
		};
		73463CAC753A3AC7D975F1E1 /* Frameworks */ = {
			isa = PBXGroup;
			children = (
				FEBE8F8CA2B66FFF42478478 /* Pods_XDExerciseExample.framework */,
			);
			name = Frameworks;
			sourceTree = "<group>";
		};
		DB8305655A1B4E872A7A0DDE /* Pods */ = {
			isa = PBXGroup;
			children = (
				84C47700DE81451441232E42 /* Pods-XDExerciseExample.debug.xcconfig */,
				06D37FF4EEA728DF76AFAE34 /* Pods-XDExerciseExample.release.xcconfig */,
			);
			name = Pods;
			sourceTree = "<group>";
		};
/* End PBXGroup section */

/* Begin PBXNativeTarget section */
		0F796E5E2081930200D044B6 /* XDExerciseExample */ = {
			isa = PBXNativeTarget;
			buildConfigurationList = 0F796E712081930200D044B6 /* Build configuration list for PBXNativeTarget "XDExerciseExample" */;
			buildPhases = (
				C81B72E42FEFE9BE0041ABD5 /* [CP] Check Pods Manifest.lock */,
				0F796E5B2081930200D044B6 /* Sources */,
				0F796E5C2081930200D044B6 /* Frameworks */,
				0F796E5D2081930200D044B6 /* Resources */,
				44D5AF30E3DCC5B7CD5BBFDA /* [CP] Embed Pods Frameworks */,
				D77082B7C249342AF7D208CA /* [CP] Copy Pods Resources */,
			);
			buildRules = (
			);
			dependencies = (
			);
			name = XDExerciseExample;
			productName = XDExerciseExample;
			productReference = 0F796E5F2081930200D044B6 /* XDExerciseExample.app */;
			productType = "com.apple.product-type.application";
		};
/* End PBXNativeTarget section */

/* Begin PBXProject section */
		0F796E572081930200D044B6 /* Project object */ = {
			isa = PBXProject;
			attributes = {
				LastSwiftUpdateCheck = 0920;
				LastUpgradeCheck = 0920;
				ORGANIZATIONNAME = CoderST;
				TargetAttributes = {
					0F796E5E2081930200D044B6 = {
						CreatedOnToolsVersion = 9.2;
						LastSwiftMigration = 0920;
						ProvisioningStyle = Manual;
					};
				};
			};
			buildConfigurationList = 0F796E5A2081930200D044B6 /* Build configuration list for PBXProject "XDExerciseExample" */;
			compatibilityVersion = "Xcode 8.0";
			developmentRegion = en;
			hasScannedForEncodings = 0;
			knownRegions = (
				en,
				Base,
			);
			mainGroup = 0F796E562081930200D044B6;
			productRefGroup = 0F796E602081930200D044B6 /* Products */;
			projectDirPath = "";
			projectRoot = "";
			targets = (
				0F796E5E2081930200D044B6 /* XDExerciseExample */,
			);
		};
/* End PBXProject section */

/* Begin PBXResourcesBuildPhase section */
		0F796E5D2081930200D044B6 /* Resources */ = {
			isa = PBXResourcesBuildPhase;
			buildActionMask = 2147483647;
			files = (
				0FB513E120848516005E649D /* answerEntrance.gif in Resources */,
				0F796E6A2081930200D044B6 /* Assets.xcassets in Resources */,
			);
			runOnlyForDeploymentPostprocessing = 0;
		};
/* End PBXResourcesBuildPhase section */

/* Begin PBXShellScriptBuildPhase section */
		44D5AF30E3DCC5B7CD5BBFDA /* [CP] Embed Pods Frameworks */ = {
			isa = PBXShellScriptBuildPhase;
			buildActionMask = 2147483647;
			files = (
			);
			inputPaths = (
				"${SRCROOT}/Pods/Target Support Files/Pods-XDExerciseExample/Pods-XDExerciseExample-frameworks.sh",
				"${BUILT_PRODUCTS_DIR}/Alamofire/Alamofire.framework",
				"${BUILT_PRODUCTS_DIR}/FLAnimatedImage/FLAnimatedImage.framework",
				"${BUILT_PRODUCTS_DIR}/HandyJSON/HandyJSON.framework",
				"${BUILT_PRODUCTS_DIR}/Kingfisher/Kingfisher.framework",
				"${BUILT_PRODUCTS_DIR}/MJRefresh/MJRefresh.framework",
				"${BUILT_PRODUCTS_DIR}/ReachabilitySwift/ReachabilitySwift.framework",
				"${BUILT_PRODUCTS_DIR}/SDCycleScrollView/SDCycleScrollView.framework",
				"${BUILT_PRODUCTS_DIR}/SDWebImage/SDWebImage.framework",
				"${BUILT_PRODUCTS_DIR}/SSKeychain/SSKeychain.framework",
				"${BUILT_PRODUCTS_DIR}/STRowLayout/STRowLayout.framework",
				"${BUILT_PRODUCTS_DIR}/SVProgressHUD/SVProgressHUD.framework",
				"${BUILT_PRODUCTS_DIR}/WebViewJavascriptBridge/WebViewJavascriptBridge.framework",
				"${BUILT_PRODUCTS_DIR}/XHLaunchAd/XHLaunchAd.framework",
				"${BUILT_PRODUCTS_DIR}/YYAsyncLayer/YYAsyncLayer.framework",
				"${BUILT_PRODUCTS_DIR}/YYCache/YYCache.framework",
				"${BUILT_PRODUCTS_DIR}/YYCategories/YYCategories.framework",
				"${BUILT_PRODUCTS_DIR}/YYDispatchQueuePool/YYDispatchQueuePool.framework",
				"${BUILT_PRODUCTS_DIR}/YYImage/YYImage.framework",
				"${BUILT_PRODUCTS_DIR}/YYKeyboardManager/YYKeyboardManager.framework",
				"${BUILT_PRODUCTS_DIR}/YYText/YYText.framework",
				"${BUILT_PRODUCTS_DIR}/YYWebImage/YYWebImage.framework",
			);
			name = "[CP] Embed Pods Frameworks";
			outputPaths = (
				"${TARGET_BUILD_DIR}/${FRAMEWORKS_FOLDER_PATH}/Alamofire.framework",
				"${TARGET_BUILD_DIR}/${FRAMEWORKS_FOLDER_PATH}/FLAnimatedImage.framework",
				"${TARGET_BUILD_DIR}/${FRAMEWORKS_FOLDER_PATH}/HandyJSON.framework",
				"${TARGET_BUILD_DIR}/${FRAMEWORKS_FOLDER_PATH}/Kingfisher.framework",
				"${TARGET_BUILD_DIR}/${FRAMEWORKS_FOLDER_PATH}/MJRefresh.framework",
				"${TARGET_BUILD_DIR}/${FRAMEWORKS_FOLDER_PATH}/ReachabilitySwift.framework",
				"${TARGET_BUILD_DIR}/${FRAMEWORKS_FOLDER_PATH}/SDCycleScrollView.framework",
				"${TARGET_BUILD_DIR}/${FRAMEWORKS_FOLDER_PATH}/SDWebImage.framework",
				"${TARGET_BUILD_DIR}/${FRAMEWORKS_FOLDER_PATH}/SSKeychain.framework",
				"${TARGET_BUILD_DIR}/${FRAMEWORKS_FOLDER_PATH}/STRowLayout.framework",
				"${TARGET_BUILD_DIR}/${FRAMEWORKS_FOLDER_PATH}/SVProgressHUD.framework",
				"${TARGET_BUILD_DIR}/${FRAMEWORKS_FOLDER_PATH}/WebViewJavascriptBridge.framework",
				"${TARGET_BUILD_DIR}/${FRAMEWORKS_FOLDER_PATH}/XHLaunchAd.framework",
				"${TARGET_BUILD_DIR}/${FRAMEWORKS_FOLDER_PATH}/YYAsyncLayer.framework",
				"${TARGET_BUILD_DIR}/${FRAMEWORKS_FOLDER_PATH}/YYCache.framework",
				"${TARGET_BUILD_DIR}/${FRAMEWORKS_FOLDER_PATH}/YYCategories.framework",
				"${TARGET_BUILD_DIR}/${FRAMEWORKS_FOLDER_PATH}/YYDispatchQueuePool.framework",
				"${TARGET_BUILD_DIR}/${FRAMEWORKS_FOLDER_PATH}/YYImage.framework",
				"${TARGET_BUILD_DIR}/${FRAMEWORKS_FOLDER_PATH}/YYKeyboardManager.framework",
				"${TARGET_BUILD_DIR}/${FRAMEWORKS_FOLDER_PATH}/YYText.framework",
				"${TARGET_BUILD_DIR}/${FRAMEWORKS_FOLDER_PATH}/YYWebImage.framework",
			);
			runOnlyForDeploymentPostprocessing = 0;
			shellPath = /bin/sh;
			shellScript = "\"${SRCROOT}/Pods/Target Support Files/Pods-XDExerciseExample/Pods-XDExerciseExample-frameworks.sh\"\n";
			showEnvVarsInLog = 0;
		};
		C81B72E42FEFE9BE0041ABD5 /* [CP] Check Pods Manifest.lock */ = {
			isa = PBXShellScriptBuildPhase;
			buildActionMask = 2147483647;
			files = (
			);
			inputPaths = (
				"${PODS_PODFILE_DIR_PATH}/Podfile.lock",
				"${PODS_ROOT}/Manifest.lock",
			);
			name = "[CP] Check Pods Manifest.lock";
			outputPaths = (
				"$(DERIVED_FILE_DIR)/Pods-XDExerciseExample-checkManifestLockResult.txt",
			);
			runOnlyForDeploymentPostprocessing = 0;
			shellPath = /bin/sh;
			shellScript = "diff \"${PODS_PODFILE_DIR_PATH}/Podfile.lock\" \"${PODS_ROOT}/Manifest.lock\" > /dev/null\nif [ $? != 0 ] ; then\n    # print error to STDERR\n    echo \"error: The sandbox is not in sync with the Podfile.lock. Run 'pod install' or update your CocoaPods installation.\" >&2\n    exit 1\nfi\n# This output is used by Xcode 'outputs' to avoid re-running this script phase.\necho \"SUCCESS\" > \"${SCRIPT_OUTPUT_FILE_0}\"\n";
			showEnvVarsInLog = 0;
		};
		D77082B7C249342AF7D208CA /* [CP] Copy Pods Resources */ = {
			isa = PBXShellScriptBuildPhase;
			buildActionMask = 2147483647;
			files = (
			);
			inputPaths = (
			);
			name = "[CP] Copy Pods Resources";
			outputPaths = (
			);
			runOnlyForDeploymentPostprocessing = 0;
			shellPath = /bin/sh;
			shellScript = "\"${SRCROOT}/Pods/Target Support Files/Pods-XDExerciseExample/Pods-XDExerciseExample-resources.sh\"\n";
			showEnvVarsInLog = 0;
		};
/* End PBXShellScriptBuildPhase section */

/* Begin PBXSourcesBuildPhase section */
		0F796E5B2081930200D044B6 /* Sources */ = {
			isa = PBXSourcesBuildPhase;
			buildActionMask = 2147483647;
			files = (
				0F796EAC2081BD5000D044B6 /* test.swift in Sources */,
				0F0DB627208D72FA00D538D5 /* XDUserImageView.swift in Sources */,
				0F796E632081930200D044B6 /* AppDelegate.swift in Sources */,
				0FE5D8892081E71F000A784A /* STTabbar.swift in Sources */,
				0FE5D8952081E968000A784A /* MeMainVC.swift in Sources */,
				0FB513D920847893005E649D /* PriceView.swift in Sources */,
				0FC41448209096FC00CA152A /* RecommendCommentModelFrame.swift in Sources */,
				0FE5D8912081E92A000A784A /* FindMainVC.swift in Sources */,
				0F0DB629208DCA4900D538D5 /* XDAttentionView.swift in Sources */,
				0FB513D5208466F9005E649D /* RecommentUserView.swift in Sources */,
				0FCD6B7C20832CFC006D46D8 /* RecommendCycleView.swift in Sources */,
				0FE5D8882081E71F000A784A /* STTabbarButton.swift in Sources */,
				0F894BB82091A4BA00866379 /* RecommendCommentTableView.swift in Sources */,
				0FE5D89D2081EEC1000A784A /* MainNavigationController.swift in Sources */,
				0FE5D88B2081E802000A784A /* Common.swift in Sources */,
				0FE5D8A0208233D2000A784A /* UIColor-Extension.swift in Sources */,
				0FAFE04A2082454C00C46944 /* UrlHeadConfig.swift in Sources */,
				0FCD6B7A2083219E006D46D8 /* RecommendMainModel.swift in Sources */,
				0FE5D88F2081E90A000A784A /* GoodThingsMainVC.swift in Sources */,
				0FE5D8A22082349F000A784A /* RecommendCell.swift in Sources */,
				0FB513D720846746005E649D /* RecommentVideoView.swift in Sources */,
				0FAFE05020825F5400C46944 /* Utilities.m in Sources */,
				0FAFE04D20825F1900C46944 /* NetWork.swift in Sources */,
				0F894BBA2091AA5700866379 /* RecommendCommentTableCell.swift in Sources */,
				0F9ECB0E2085BB4E00BD8FB2 /* RegisterVM.swift in Sources */,
				0FB513DD20847B34005E649D /* String+Extension.swift in Sources */,
				0FAFE048208244C900C46944 /* RecommendVM.swift in Sources */,
				0FE5D8842081E67E000A784A /* MainTabBarController.swift in Sources */,
				0F93C1AE208F3918001F56D6 /* RecommendTopicModel.swift in Sources */,
				0FE5D8932081E94A000A784A /* AttentionMainVC.swift in Sources */,
				0F894BBC2091CA3B00866379 /* RecommendCellBottomBarView.swift in Sources */,
				0FBEDC56208494E500B1008D /* GifView.swift in Sources */,
				0F93C1AC208F37D5001F56D6 /* RecommendTopicView.swift in Sources */,
				0FE5D88D2081E8B0000A784A /* RecommendMainVC.swift in Sources */,
				0F9ECB072085B9B800BD8FB2 /* ConfigURLString.swift in Sources */,
				0FB513D320842FBF005E649D /* VideoModelFrame.swift in Sources */,
				0FCD6B7820831D8E006D46D8 /* User.swift in Sources */,
				0F93C1AA208F0964001F56D6 /* RecommendTopicCell.swift in Sources */,
				0FB513DF20848102005E649D /* RecommendNormalOrProduct.swift in Sources */,
				0FB513DB208478C1005E649D /* CommissionView.swift in Sources */,
				0F9ECB0520858E4D00BD8FB2 /* JoinActivityVC.swift in Sources */,
			);
			runOnlyForDeploymentPostprocessing = 0;
		};
/* End PBXSourcesBuildPhase section */

/* Begin XCBuildConfiguration section */
		0F796E6F2081930200D044B6 /* Debug */ = {
			isa = XCBuildConfiguration;
			buildSettings = {
				ALWAYS_SEARCH_USER_PATHS = NO;
				CLANG_ANALYZER_NONNULL = YES;
				CLANG_ANALYZER_NUMBER_OBJECT_CONVERSION = YES_AGGRESSIVE;
				CLANG_CXX_LANGUAGE_STANDARD = "gnu++14";
				CLANG_CXX_LIBRARY = "libc++";
				CLANG_ENABLE_MODULES = YES;
				CLANG_ENABLE_OBJC_ARC = YES;
				CLANG_WARN_BLOCK_CAPTURE_AUTORELEASING = YES;
				CLANG_WARN_BOOL_CONVERSION = YES;
				CLANG_WARN_COMMA = YES;
				CLANG_WARN_CONSTANT_CONVERSION = YES;
				CLANG_WARN_DIRECT_OBJC_ISA_USAGE = YES_ERROR;
				CLANG_WARN_DOCUMENTATION_COMMENTS = YES;
				CLANG_WARN_EMPTY_BODY = YES;
				CLANG_WARN_ENUM_CONVERSION = YES;
				CLANG_WARN_INFINITE_RECURSION = YES;
				CLANG_WARN_INT_CONVERSION = YES;
				CLANG_WARN_NON_LITERAL_NULL_CONVERSION = YES;
				CLANG_WARN_OBJC_LITERAL_CONVERSION = YES;
				CLANG_WARN_OBJC_ROOT_CLASS = YES_ERROR;
				CLANG_WARN_RANGE_LOOP_ANALYSIS = YES;
				CLANG_WARN_STRICT_PROTOTYPES = YES;
				CLANG_WARN_SUSPICIOUS_MOVE = YES;
				CLANG_WARN_UNGUARDED_AVAILABILITY = YES_AGGRESSIVE;
				CLANG_WARN_UNREACHABLE_CODE = YES;
				CLANG_WARN__DUPLICATE_METHOD_MATCH = YES;
				CODE_SIGN_IDENTITY = "iPhone Developer";
				COPY_PHASE_STRIP = NO;
				DEBUG_INFORMATION_FORMAT = dwarf;
				ENABLE_STRICT_OBJC_MSGSEND = YES;
				ENABLE_TESTABILITY = YES;
				GCC_C_LANGUAGE_STANDARD = gnu11;
				GCC_DYNAMIC_NO_PIC = NO;
				GCC_NO_COMMON_BLOCKS = YES;
				GCC_OPTIMIZATION_LEVEL = 0;
				GCC_PREPROCESSOR_DEFINITIONS = (
					"DEBUG=1",
					"$(inherited)",
				);
				GCC_WARN_64_TO_32_BIT_CONVERSION = YES;
				GCC_WARN_ABOUT_RETURN_TYPE = YES_ERROR;
				GCC_WARN_UNDECLARED_SELECTOR = YES;
				GCC_WARN_UNINITIALIZED_AUTOS = YES_AGGRESSIVE;
				GCC_WARN_UNUSED_FUNCTION = YES;
				GCC_WARN_UNUSED_VARIABLE = YES;
				IPHONEOS_DEPLOYMENT_TARGET = 11.2;
				MTL_ENABLE_DEBUG_INFO = YES;
				ONLY_ACTIVE_ARCH = YES;
				SDKROOT = iphoneos;
				SWIFT_ACTIVE_COMPILATION_CONDITIONS = DEBUG;
				SWIFT_OPTIMIZATION_LEVEL = "-Onone";
			};
			name = Debug;
		};
		0F796E702081930200D044B6 /* Release */ = {
			isa = XCBuildConfiguration;
			buildSettings = {
				ALWAYS_SEARCH_USER_PATHS = NO;
				CLANG_ANALYZER_NONNULL = YES;
				CLANG_ANALYZER_NUMBER_OBJECT_CONVERSION = YES_AGGRESSIVE;
				CLANG_CXX_LANGUAGE_STANDARD = "gnu++14";
				CLANG_CXX_LIBRARY = "libc++";
				CLANG_ENABLE_MODULES = YES;
				CLANG_ENABLE_OBJC_ARC = YES;
				CLANG_WARN_BLOCK_CAPTURE_AUTORELEASING = YES;
				CLANG_WARN_BOOL_CONVERSION = YES;
				CLANG_WARN_COMMA = YES;
				CLANG_WARN_CONSTANT_CONVERSION = YES;
				CLANG_WARN_DIRECT_OBJC_ISA_USAGE = YES_ERROR;
				CLANG_WARN_DOCUMENTATION_COMMENTS = YES;
				CLANG_WARN_EMPTY_BODY = YES;
				CLANG_WARN_ENUM_CONVERSION = YES;
				CLANG_WARN_INFINITE_RECURSION = YES;
				CLANG_WARN_INT_CONVERSION = YES;
				CLANG_WARN_NON_LITERAL_NULL_CONVERSION = YES;
				CLANG_WARN_OBJC_LITERAL_CONVERSION = YES;
				CLANG_WARN_OBJC_ROOT_CLASS = YES_ERROR;
				CLANG_WARN_RANGE_LOOP_ANALYSIS = YES;
				CLANG_WARN_STRICT_PROTOTYPES = YES;
				CLANG_WARN_SUSPICIOUS_MOVE = YES;
				CLANG_WARN_UNGUARDED_AVAILABILITY = YES_AGGRESSIVE;
				CLANG_WARN_UNREACHABLE_CODE = YES;
				CLANG_WARN__DUPLICATE_METHOD_MATCH = YES;
				CODE_SIGN_IDENTITY = "iPhone Developer";
				COPY_PHASE_STRIP = NO;
				DEBUG_INFORMATION_FORMAT = "dwarf-with-dsym";
				ENABLE_NS_ASSERTIONS = NO;
				ENABLE_STRICT_OBJC_MSGSEND = YES;
				GCC_C_LANGUAGE_STANDARD = gnu11;
				GCC_NO_COMMON_BLOCKS = YES;
				GCC_WARN_64_TO_32_BIT_CONVERSION = YES;
				GCC_WARN_ABOUT_RETURN_TYPE = YES_ERROR;
				GCC_WARN_UNDECLARED_SELECTOR = YES;
				GCC_WARN_UNINITIALIZED_AUTOS = YES_AGGRESSIVE;
				GCC_WARN_UNUSED_FUNCTION = YES;
				GCC_WARN_UNUSED_VARIABLE = YES;
				IPHONEOS_DEPLOYMENT_TARGET = 11.2;
				MTL_ENABLE_DEBUG_INFO = NO;
				SDKROOT = iphoneos;
				SWIFT_OPTIMIZATION_LEVEL = "-Owholemodule";
				VALIDATE_PRODUCT = YES;
			};
			name = Release;
		};
		0F796E722081930200D044B6 /* Debug */ = {
			isa = XCBuildConfiguration;
			baseConfigurationReference = 84C47700DE81451441232E42 /* Pods-XDExerciseExample.debug.xcconfig */;
			buildSettings = {
				ASSETCATALOG_COMPILER_APPICON_NAME = AppIcon;
				ASSETCATALOG_COMPILER_LAUNCHIMAGE_NAME = LaunchImage;
				CLANG_ENABLE_MODULES = YES;
				"CODE_SIGN_IDENTITY[sdk=iphoneos*]" = "iPhone Developer";
				CODE_SIGN_STYLE = Manual;
				DEVELOPMENT_TEAM = 2VXAK557JC;
				INFOPLIST_FILE = XDExerciseExample/Info.plist;
				IPHONEOS_DEPLOYMENT_TARGET = 8.1;
				LD_RUNPATH_SEARCH_PATHS = "$(inherited) @executable_path/Frameworks";
				PRODUCT_BUNDLE_IDENTIFIER = com.xiudou.xiudouiO;
				PRODUCT_NAME = "$(TARGET_NAME)";
				PROVISIONING_PROFILE = "9c406dc1-4815-4875-b22b-7c70bc53e1e6";
				PROVISIONING_PROFILE_SPECIFIER = JJC_Dev_Test;
				SWIFT_OBJC_BRIDGING_HEADER = "XDExerciseExample/Class/Tool/XDExerciseExample-Bridging-Header.h";
				SWIFT_OPTIMIZATION_LEVEL = "-Onone";
				SWIFT_VERSION = 4.0;
				TARGETED_DEVICE_FAMILY = "1,2";
			};
			name = Debug;
		};
		0F796E732081930200D044B6 /* Release */ = {
			isa = XCBuildConfiguration;
			baseConfigurationReference = 06D37FF4EEA728DF76AFAE34 /* Pods-XDExerciseExample.release.xcconfig */;
			buildSettings = {
				ASSETCATALOG_COMPILER_APPICON_NAME = AppIcon;
				ASSETCATALOG_COMPILER_LAUNCHIMAGE_NAME = LaunchImage;
				CLANG_ENABLE_MODULES = YES;
				"CODE_SIGN_IDENTITY[sdk=iphoneos*]" = "iPhone Developer";
				CODE_SIGN_STYLE = Manual;
				DEVELOPMENT_TEAM = "";
				INFOPLIST_FILE = XDExerciseExample/Info.plist;
				IPHONEOS_DEPLOYMENT_TARGET = 8.1;
				LD_RUNPATH_SEARCH_PATHS = "$(inherited) @executable_path/Frameworks";
				PRODUCT_BUNDLE_IDENTIFIER = com.xiudou.xiudouiO;
				PRODUCT_NAME = "$(TARGET_NAME)";
				PROVISIONING_PROFILE_SPECIFIER = "";
				SWIFT_OBJC_BRIDGING_HEADER = "XDExerciseExample/Class/Tool/XDExerciseExample-Bridging-Header.h";
				SWIFT_VERSION = 4.0;
				TARGETED_DEVICE_FAMILY = "1,2";
			};
			name = Release;
		};
/* End XCBuildConfiguration section */

/* Begin XCConfigurationList section */
		0F796E5A2081930200D044B6 /* Build configuration list for PBXProject "XDExerciseExample" */ = {
			isa = XCConfigurationList;
			buildConfigurations = (
				0F796E6F2081930200D044B6 /* Debug */,
				0F796E702081930200D044B6 /* Release */,
			);
			defaultConfigurationIsVisible = 0;
			defaultConfigurationName = Release;
		};
		0F796E712081930200D044B6 /* Build configuration list for PBXNativeTarget "XDExerciseExample" */ = {
			isa = XCConfigurationList;
			buildConfigurations = (
				0F796E722081930200D044B6 /* Debug */,
				0F796E732081930200D044B6 /* Release */,
			);
			defaultConfigurationIsVisible = 0;
			defaultConfigurationName = Release;
		};
/* End XCConfigurationList section */
	};
	rootObject = 0F796E572081930200D044B6 /* Project object */;
}
